
Microsoft Visual Studio Solution File, Format Version 12.00
# Visual Studio 15
VisualStudioVersion = 15.0.27703.2042
MinimumVisualStudioVersion = 10.0.40219.1
Project("{FAE04EC0-301F-11D3-BF4B-00C04F79EFBC}") = "TheSlavShack", "TheSlavShack\TheSlavShack.csproj", "{8F832A4D-7A74-4357-87D1-BA281C7F2B5D}"
EndProject
Global
	GlobalSection(SolutionConfigurationPlatforms) = preSolution
		Debug|Any CPU = Debug|Any CPU
		Release|Any CPU = Release|Any CPU
	EndGlobalSection
	GlobalSection(ProjectConfigurationPlatforms) = postSolution
		{8F832A4D-7A74-4357-87D1-BA281C7F2B5D}.Debug|Any CPU.ActiveCfg = Debug|Any CPU
		{8F832A4D-7A74-4357-87D1-BA281C7F2B5D}.Debug|Any CPU.Build.0 = Debug|Any CPU
		{8F832A4D-7A74-4357-87D1-BA281C7F2B5D}.Release|Any CPU.ActiveCfg = Release|Any CPU
		{8F832A4D-7A74-4357-87D1-BA281C7F2B5D}.Release|Any CPU.Build.0 = Release|Any CPU
	EndGlobalSection
	GlobalSection(SolutionProperties) = preSolution
		HideSolutionNode = FALSE
	EndGlobalSection
	GlobalSection(ExtensibilityGlobals) = postSolution
		SolutionGuid = {618CB8CC-CB73-40CA-889A-CAC04C5ADAB9}
	EndGlobalSection
EndGlobal
